<?xml version="1.0" encoding="utf-8"?>
<Project ToolsVersion="4.0" xmlns="http://schemas.microsoft.com/developer/msbuild/2003">
  <ItemGroup>
    <ClCompile Include="Main.cpp" />
    <ClCompile Include="VersionMgr\VersionMgr.cpp">
      <Filter>VersionMgr</Filter>
    </ClCompile>
    <ClCompile Include="Injecting.cpp" />
    <ClCompile Include="HookingList\HookingList.cpp">
      <Filter>HookingList</Filter>
    </ClCompile>
    <ClCompile Include="General.cpp" />
    <ClCompile Include="Memory.cpp" />
    <ClCompile Include="Calling.cpp" />
    <ClCompile Include="PluginPatcher.cpp" />
    <ClCompile Include="RawHooks\TheRawHooks.cpp">
      <Filter>RawHooks</Filter>
    </ClCompile>
    <ClCompile Include="RawHooks\RawHookVariable.cpp">
      <Filter>RawHooks</Filter>
    </ClCompile>
    <ClCompile Include="RawHooks\RawHook.cpp">
      <Filter>RawHooks</Filter>
    </ClCompile>
    <ClCompile Include="Assembly\Assembly.cpp">
      <Filter>Assembly</Filter>
    </ClCompile>
    <ClCompile Include="Detours\Detours.cpp">
      <Filter>Detours</Filter>
    </ClCompile>
    <ClCompile Include="Detours\Detour.cpp">
      <Filter>Detours</Filter>
    </ClCompile>
    <ClCompile Include="ProcessHook\ProcessMemory.cpp">
      <Filter>ProcessHook</Filter>
    </ClCompile>
    <ClCompile Include="ProcessHook\ProcessHooking.cpp">
      <Filter>ProcessHook</Filter>
    </ClCompile>
    <ClCompile Include="Callbacks\Callback.cpp">
      <Filter>Callbacks</Filter>
    </ClCompile>
  </ItemGroup>
  <ItemGroup>
    <ClInclude Include="Main.h" />
    <ClInclude Include="Injecting.h" />
    <ClInclude Include="General.h" />
    <ClInclude Include="VersionMgr\VersionMgr.h">
      <Filter>VersionMgr</Filter>
    </ClInclude>
    <ClInclude Include="HookingList\HookingList.h">
      <Filter>HookingList</Filter>
    </ClInclude>
    <ClInclude Include="Memory.h" />
    <ClInclude Include="Calling.h" />
    <ClInclude Include="PluginPatcher.h" />
    <ClInclude Include="RawHooks\TheRawHooks.h">
      <Filter>RawHooks</Filter>
    </ClInclude>
    <ClInclude Include="RawHooks\RawHookVariable.h">
      <Filter>RawHooks</Filter>
    </ClInclude>
    <ClInclude Include="RawHooks\RawHook.h">
      <Filter>RawHooks</Filter>
    </ClInclude>
    <ClInclude Include="Shared.hpp" />
    <ClInclude Include="Assembly\Registers.h">
      <Filter>Assembly</Filter>
    </ClInclude>
    <ClInclude Include="Assembly\Assembly.h">
      <Filter>Assembly</Filter>
    </ClInclude>
    <ClInclude Include="Detours\Detours.h">
      <Filter>Detours</Filter>
    </ClInclude>
    <ClInclude Include="Detours\Detour.h">
      <Filter>Detours</Filter>
    </ClInclude>
    <ClInclude Include="ProcessHook\ProcessMemory.h">
      <Filter>ProcessHook</Filter>
    </ClInclude>
    <ClInclude Include="ProcessHook\ProcessHooking.h">
      <Filter>ProcessHook</Filter>
    </ClInclude>
    <ClInclude Include="Callbacks\Callback.h">
      <Filter>Callbacks</Filter>
    </ClInclude>
  </ItemGroup>
  <ItemGroup>
    <Filter Include="VersionMgr">
      <UniqueIdentifier>{96dad8ba-c609-486f-b774-9da70b426f59}</UniqueIdentifier>
    </Filter>
    <Filter Include="HookingList">
      <UniqueIdentifier>{b552b79e-ed50-40f3-91d5-c10867b39f04}</UniqueIdentifier>
    </Filter>
    <Filter Include="RawHooks">
      <UniqueIdentifier>{b313f5d0-d853-405e-9347-33c6fe8b62ab}</UniqueIdentifier>
    </Filter>
    <Filter Include="Assembly">
      <UniqueIdentifier>{235f914b-dfb1-45c1-83a6-1660333044c8}</UniqueIdentifier>
    </Filter>
    <Filter Include="Detours">
      <UniqueIdentifier>{96f49f6e-4f5e-42a1-81f4-079edd73683c}</UniqueIdentifier>
    </Filter>
    <Filter Include="ProcessHook">
      <UniqueIdentifier>{b9af0aa0-47a6-4f21-8d44-73afc86fd27d}</UniqueIdentifier>
    </Filter>
    <Filter Include="Callbacks">
      <UniqueIdentifier>{a272d8e6-8480-47dd-8690-5c564bcdc303}</UniqueIdentifier>
    </Filter>
    <Filter Include="Patterns">
      <UniqueIdentifier>{19f65db6-734c-42a5-af2b-f39a1f726d34}</UniqueIdentifier>
    </Filter>
  </ItemGroup>
</Project>